// !$*UTF8*$!
{
	archiveVersion = 1;
	classes = {
	};
	objectVersion = 50;
	objects = {

/* Begin PBXBuildFile section */
		3C79600F20A2916700E282FC /* AppDelegate.m in Sources */ = {isa = PBXBuildFile; fileRef = 3C79600E20A2916700E282FC /* AppDelegate.m */; };
		3C79601220A2916700E282FC /* ViewController.m in Sources */ = {isa = PBXBuildFile; fileRef = 3C79601120A2916700E282FC /* ViewController.m */; };
		3C79601520A2916700E282FC /* Main.storyboard in Resources */ = {isa = PBXBuildFile; fileRef = 3C79601320A2916700E282FC /* Main.storyboard */; };
		3C79601720A2916800E282FC /* Assets.xcassets in Resources */ = {isa = PBXBuildFile; fileRef = 3C79601620A2916800E282FC /* Assets.xcassets */; };
		3C79601A20A2916800E282FC /* LaunchScreen.storyboard in Resources */ = {isa = PBXBuildFile; fileRef = 3C79601820A2916800E282FC /* LaunchScreen.storyboard */; };
		3C79601D20A2916800E282FC /* main.m in Sources */ = {isa = PBXBuildFile; fileRef = 3C79601C20A2916800E282FC /* main.m */; };
		3C79602620A2933F00E282FC /* NSObject+Runtime.m in Sources */ = {isa = PBXBuildFile; fileRef = 3C79602520A2933F00E282FC /* NSObject+Runtime.m */; };
		3C79602A20A293CC00E282FC /* Person.m in Sources */ = {isa = PBXBuildFile; fileRef = 3C79602920A293CC00E282FC /* Person.m */; };
		3C79602D20A295BA00E282FC /* Person+son.m in Sources */ = {isa = PBXBuildFile; fileRef = 3C79602C20A295BA00E282FC /* Person+son.m */; };
/* End PBXBuildFile section */

/* Begin PBXFileReference section */
		3C79600A20A2916700E282FC /* Runtime.app */ = {isa = PBXFileReference; explicitFileType = wrapper.application; includeInIndex = 0; path = Runtime.app; sourceTree = BUILT_PRODUCTS_DIR; };
		3C79600D20A2916700E282FC /* AppDelegate.h */ = {isa = PBXFileReference; lastKnownFileType = sourcecode.c.h; path = AppDelegate.h; sourceTree = "<group>"; };
		3C79600E20A2916700E282FC /* AppDelegate.m */ = {isa = PBXFileReference; lastKnownFileType = sourcecode.c.objc; path = AppDelegate.m; sourceTree = "<group>"; };
		3C79601020A2916700E282FC /* ViewController.h */ = {isa = PBXFileReference; lastKnownFileType = sourcecode.c.h; path = ViewController.h; sourceTree = "<group>"; };
		3C79601120A2916700E282FC /* ViewController.m */ = {isa = PBXFileReference; lastKnownFileType = sourcecode.c.objc; path = ViewController.m; sourceTree = "<group>"; };
		3C79601420A2916700E282FC /* Base */ = {isa = PBXFileReference; lastKnownFileType = file.storyboard; name = Base; path = Base.lproj/Main.storyboard; sourceTree = "<group>"; };
		3C79601620A2916800E282FC /* Assets.xcassets */ = {isa = PBXFileReference; lastKnownFileType = folder.assetcatalog; path = Assets.xcassets; sourceTree = "<group>"; };
		3C79601920A2916800E282FC /* Base */ = {isa = PBXFileReference; lastKnownFileType = file.storyboard; name = Base; path = Base.lproj/LaunchScreen.storyboard; sourceTree = "<group>"; };
		3C79601B20A2916800E282FC /* Info.plist */ = {isa = PBXFileReference; lastKnownFileType = text.plist.xml; path = Info.plist; sourceTree = "<group>"; };
		3C79601C20A2916800E282FC /* main.m */ = {isa = PBXFileReference; lastKnownFileType = sourcecode.c.objc; path = main.m; sourceTree = "<group>"; };
		3C79602420A2933F00E282FC /* NSObject+Runtime.h */ = {isa = PBXFileReference; lastKnownFileType = sourcecode.c.h; path = "NSObject+Runtime.h"; sourceTree = "<group>"; };
		3C79602520A2933F00E282FC /* NSObject+Runtime.m */ = {isa = PBXFileReference; lastKnownFileType = sourcecode.c.objc; path = "NSObject+Runtime.m"; sourceTree = "<group>"; };
		3C79602820A293CC00E282FC /* Person.h */ = {isa = PBXFileReference; lastKnownFileType = sourcecode.c.h; path = Person.h; sourceTree = "<group>"; };
		3C79602920A293CC00E282FC /* Person.m */ = {isa = PBXFileReference; lastKnownFileType = sourcecode.c.objc; path = Person.m; sourceTree = "<group>"; };
		3C79602B20A295BA00E282FC /* Person+son.h */ = {isa = PBXFileReference; lastKnownFileType = sourcecode.c.h; path = "Person+son.h"; sourceTree = "<group>"; };
		3C79602C20A295BA00E282FC /* Person+son.m */ = {isa = PBXFileReference; lastKnownFileType = sourcecode.c.objc; path = "Person+son.m"; sourceTree = "<group>"; };
/* End PBXFileReference section */

/* Begin PBXFrameworksBuildPhase section */
		3C79600720A2916700E282FC /* Frameworks */ = {
			isa = PBXFrameworksBuildPhase;
			buildActionMask = 2147483647;
			files = (
			);
			runOnlyForDeploymentPostprocessing = 0;
		};
/* End PBXFrameworksBuildPhase section */

/* Begin PBXGroup section */
		3C79600120A2916700E282FC = {
			isa = PBXGroup;
			children = (
				3C79600C20A2916700E282FC /* Runtime */,
				3C79600B20A2916700E282FC /* Products */,
			);
			sourceTree = "<group>";
		};
		3C79600B20A2916700E282FC /* Products */ = {
			isa = PBXGroup;
			children = (
				3C79600A20A2916700E282FC /* Runtime.app */,
			);
			name = Products;
			sourceTree = "<group>";
		};
		3C79600C20A2916700E282FC /* Runtime */ = {
			isa = PBXGroup;
			children = (
				3C79602720A293A700E282FC /* Person */,
				3C79602320A2925400E282FC /* Category */,
				3C79600D20A2916700E282FC /* AppDelegate.h */,
				3C79600E20A2916700E282FC /* AppDelegate.m */,
				3C79601020A2916700E282FC /* ViewController.h */,
				3C79601120A2916700E282FC /* ViewController.m */,
				3C79601320A2916700E282FC /* Main.storyboard */,
				3C79601620A2916800E282FC /* Assets.xcassets */,
				3C79601820A2916800E282FC /* LaunchScreen.storyboard */,
				3C79601B20A2916800E282FC /* Info.plist */,
				3C79601C20A2916800E282FC /* main.m */,
			);
			path = Runtime;
			sourceTree = "<group>";
		};
		3C79602320A2925400E282FC /* Category */ = {
			isa = PBXGroup;
			children = (
				3C79602420A2933F00E282FC /* NSObject+Runtime.h */,
				3C79602520A2933F00E282FC /* NSObject+Runtime.m */,
				3C79602B20A295BA00E282FC /* Person+son.h */,
				3C79602C20A295BA00E282FC /* Person+son.m */,
			);
			path = Category;
			sourceTree = "<group>";
		};
		3C79602720A293A700E282FC /* Person */ = {
			isa = PBXGroup;
			children = (
				3C79602820A293CC00E282FC /* Person.h */,
				3C79602920A293CC00E282FC /* Person.m */,
			);
			path = Person;
			sourceTree = "<group>";
		};
/* End PBXGroup section */

/* Begin PBXNativeTarget section */
		3C79600920A2916700E282FC /* Runtime */ = {
			isa = PBXNativeTarget;
			buildConfigurationList = 3C79602020A2916800E282FC /* Build configuration list for PBXNativeTarget "Runtime" */;
			buildPhases = (
				3C79600620A2916700E282FC /* Sources */,
				3C79600720A2916700E282FC /* Frameworks */,
				3C79600820A2916700E282FC /* Resources */,
			);
			buildRules = (
			);
			dependencies = (
			);
			name = Runtime;
			productName = Runtime;
			productReference = 3C79600A20A2916700E282FC /* Runtime.app */;
			productType = "com.apple.product-type.application";
		};
/* End PBXNativeTarget section */

/* Begin PBXProject section */
		3C79600220A2916700E282FC /* Project object */ = {
			isa = PBXProject;
			attributes = {
				LastUpgradeCheck = 0930;
				ORGANIZATIONNAME = zhutao;
				TargetAttributes = {
					3C79600920A2916700E282FC = {
						CreatedOnToolsVersion = 9.3;
					};
				};
			};
			buildConfigurationList = 3C79600520A2916700E282FC /* Build configuration list for PBXProject "Runtime" */;
			compatibilityVersion = "Xcode 9.3";
			developmentRegion = en;
			hasScannedForEncodings = 0;
			knownRegions = (
				en,
				Base,
			);
			mainGroup = 3C79600120A2916700E282FC;
			productRefGroup = 3C79600B20A2916700E282FC /* Products */;
			projectDirPath = "";
			projectRoot = "";
			targets = (
				3C79600920A2916700E282FC /* Runtime */,
			);
		};
/* End PBXProject section */

/* Begin PBXResourcesBuildPhase section */
		3C79600820A2916700E282FC /* Resources */ = {
			isa = PBXResourcesBuildPhase;
			buildActionMask = 2147483647;
			files = (
				3C79601A20A2916800E282FC /* LaunchScreen.storyboard in Resources */,
				3C79601720A2916800E282FC /* Assets.xcassets in Resources */,
				3C79601520A2916700E282FC /* Main.storyboard in Resources */,
			);
			runOnlyForDeploymentPostprocessing = 0;
		};
/* End PBXResourcesBuildPhase section */

/* Begin PBXSourcesBuildPhase section */
		3C79600620A2916700E282FC /* Sources */ = {
			isa = PBXSourcesBuildPhase;
			buildActionMask = 2147483647;
			files = (
				3C79602620A2933F00E282FC /* NSObject+Runtime.m in Sources */,
				3C79602D20A295BA00E282FC /* Person+son.m in Sources */,
				3C79601220A2916700E282FC /* ViewController.m in Sources */,
				3C79602A20A293CC00E282FC /* Person.m in Sources */,
				3C79601D20A2916800E282FC /* main.m in Sources */,
				3C79600F20A2916700E282FC /* AppDelegate.m in Sources */,
			);
			runOnlyForDeploymentPostprocessing = 0;
		};
/* End PBXSourcesBuildPhase section */

/* Begin PBXVariantGroup section */
		3C79601320A2916700E282FC /* Main.storyboard */ = {
			isa = PBXVariantGroup;
			children = (
				3C79601420A2916700E282FC /* Base */,
			);
			name = Main.storyboard;
			sourceTree = "<group>";
		};
		3C79601820A2916800E282FC /* LaunchScreen.storyboard */ = {
			isa = PBXVariantGroup;
			children = (
				3C79601920A2916800E282FC /* Base */,
			);
			name = LaunchScreen.storyboard;
			sourceTree = "<group>";
		};
/* End PBXVariantGroup section */

/* Begin XCBuildConfiguration section */
		3C79601E20A2916800E282FC /* Debug */ = {
			isa = XCBuildConfiguration;
			buildSettings = {
				ALWAYS_SEARCH_USER_PATHS = NO;
				CLANG_ANALYZER_NONNULL = YES;
				CLANG_ANALYZER_NUMBER_OBJECT_CONVERSION = YES_AGGRESSIVE;
				CLANG_CXX_LANGUAGE_STANDARD = "gnu++14";
				CLANG_CXX_LIBRARY = "libc++";
				CLANG_ENABLE_MODULES = YES;
				CLANG_ENABLE_OBJC_ARC = YES;
				CLANG_ENABLE_OBJC_WEAK = YES;
				CLANG_WARN_BLOCK_CAPTURE_AUTORELEASING = YES;
				CLANG_WARN_BOOL_CONVERSION = YES;
				CLANG_WARN_COMMA = YES;
				CLANG_WARN_CONSTANT_CONVERSION = YES;
				CLANG_WARN_DEPRECATED_OBJC_IMPLEMENTATIONS = YES;
				CLANG_WARN_DIRECT_OBJC_ISA_USAGE = YES_ERROR;
				CLANG_WARN_DOCUMENTATION_COMMENTS = YES;
				CLANG_WARN_EMPTY_BODY = YES;
				CLANG_WARN_ENUM_CONVERSION = YES;
				CLANG_WARN_INFINITE_RECURSION = YES;
				CLANG_WARN_INT_CONVERSION = YES;
				CLANG_WARN_NON_LITERAL_NULL_CONVERSION = YES;
				CLANG_WARN_OBJC_IMPLICIT_RETAIN_SELF = YES;
				CLANG_WARN_OBJC_LITERAL_CONVERSION = YES;
				CLANG_WARN_OBJC_ROOT_CLASS = YES_ERROR;
				CLANG_WARN_RANGE_LOOP_ANALYSIS = YES;
				CLANG_WARN_STRICT_PROTOTYPES = YES;
				CLANG_WARN_SUSPICIOUS_MOVE = YES;
				CLANG_WARN_UNGUARDED_AVAILABILITY = YES_AGGRESSIVE;
				CLANG_WARN_UNREACHABLE_CODE = YES;
				CLANG_WARN__DUPLICATE_METHOD_MATCH = YES;
				CODE_SIGN_IDENTITY = "iPhone Developer";
				COPY_PHASE_STRIP = NO;
				DEBUG_INFORMATION_FORMAT = dwarf;
				ENABLE_STRICT_OBJC_MSGSEND = YES;
				ENABLE_TESTABILITY = YES;
				GCC_C_LANGUAGE_STANDARD = gnu11;
				GCC_DYNAMIC_NO_PIC = NO;
				GCC_NO_COMMON_BLOCKS = YES;
				GCC_OPTIMIZATION_LEVEL = 0;
				GCC_PREPROCESSOR_DEFINITIONS = (
					"DEBUG=1",
					"$(inherited)",
				);
				GCC_WARN_64_TO_32_BIT_CONVERSION = YES;
				GCC_WARN_ABOUT_RETURN_TYPE = YES_ERROR;
				GCC_WARN_UNDECLARED_SELECTOR = YES;
				GCC_WARN_UNINITIALIZED_AUTOS = YES_AGGRESSIVE;
				GCC_WARN_UNUSED_FUNCTION = YES;
				GCC_WARN_UNUSED_VARIABLE = YES;
				IPHONEOS_DEPLOYMENT_TARGET = 11.3;
				MTL_ENABLE_DEBUG_INFO = YES;
				ONLY_ACTIVE_ARCH = YES;
				SDKROOT = iphoneos;
			};
			name = Debug;
		};
		3C79601F20A2916800E282FC /* Release */ = {
			isa = XCBuildConfiguration;
			buildSettings = {
				ALWAYS_SEARCH_USER_PATHS = NO;
				CLANG_ANALYZER_NONNULL = YES;
				CLANG_ANALYZER_NUMBER_OBJECT_CONVERSION = YES_AGGRESSIVE;
				CLANG_CXX_LANGUAGE_STANDARD = "gnu++14";
				CLANG_CXX_LIBRARY = "libc++";
				CLANG_ENABLE_MODULES = YES;
				CLANG_ENABLE_OBJC_ARC = YES;
				CLANG_ENABLE_OBJC_WEAK = YES;
				CLANG_WARN_BLOCK_CAPTURE_AUTORELEASING = YES;
				CLANG_WARN_BOOL_CONVERSION = YES;
				CLANG_WARN_COMMA = YES;
				CLANG_WARN_CONSTANT_CONVERSION = YES;
				CLANG_WARN_DEPRECATED_OBJC_IMPLEMENTATIONS = YES;
				CLANG_WARN_DIRECT_OBJC_ISA_USAGE = YES_ERROR;
				CLANG_WARN_DOCUMENTATION_COMMENTS = YES;
				CLANG_WARN_EMPTY_BODY = YES;
				CLANG_WARN_ENUM_CONVERSION = YES;
				CLANG_WARN_INFINITE_RECURSION = YES;
				CLANG_WARN_INT_CONVERSION = YES;
				CLANG_WARN_NON_LITERAL_NULL_CONVERSION = YES;
				CLANG_WARN_OBJC_IMPLICIT_RETAIN_SELF = YES;
				CLANG_WARN_OBJC_LITERAL_CONVERSION = YES;
				CLANG_WARN_OBJC_ROOT_CLASS = YES_ERROR;
				CLANG_WARN_RANGE_LOOP_ANALYSIS = YES;
				CLANG_WARN_STRICT_PROTOTYPES = YES;
				CLANG_WARN_SUSPICIOUS_MOVE = YES;
				CLANG_WARN_UNGUARDED_AVAILABILITY = YES_AGGRESSIVE;
				CLANG_WARN_UNREACHABLE_CODE = YES;
				CLANG_WARN__DUPLICATE_METHOD_MATCH = YES;
				CODE_SIGN_IDENTITY = "iPhone Developer";
				COPY_PHASE_STRIP = NO;
				DEBUG_INFORMATION_FORMAT = "dwarf-with-dsym";
				ENABLE_NS_ASSERTIONS = NO;
				ENABLE_STRICT_OBJC_MSGSEND = YES;
				GCC_C_LANGUAGE_STANDARD = gnu11;
				GCC_NO_COMMON_BLOCKS = YES;
				GCC_WARN_64_TO_32_BIT_CONVERSION = YES;
				GCC_WARN_ABOUT_RETURN_TYPE = YES_ERROR;
				GCC_WARN_UNDECLARED_SELECTOR = YES;
				GCC_WARN_UNINITIALIZED_AUTOS = YES_AGGRESSIVE;
				GCC_WARN_UNUSED_FUNCTION = YES;
				GCC_WARN_UNUSED_VARIABLE = YES;
				IPHONEOS_DEPLOYMENT_TARGET = 11.3;
				MTL_ENABLE_DEBUG_INFO = NO;
				SDKROOT = iphoneos;
				VALIDATE_PRODUCT = YES;
			};
			name = Release;
		};
		3C79602120A2916800E282FC /* Debug */ = {
			isa = XCBuildConfiguration;
			buildSettings = {
				ASSETCATALOG_COMPILER_APPICON_NAME = AppIcon;
				CODE_SIGN_STYLE = Automatic;
				DEVELOPMENT_TEAM = 8S3KGLSKWY;
				INFOPLIST_FILE = Runtime/Info.plist;
				LD_RUNPATH_SEARCH_PATHS = (
					"$(inherited)",
					"@executable_path/Frameworks",
				);
				PRODUCT_BUNDLE_IDENTIFIER = com.gg.Runtime;
				PRODUCT_NAME = "$(TARGET_NAME)";
				TARGETED_DEVICE_FAMILY = "1,2";
			};
			name = Debug;
		};
		3C79602220A2916800E282FC /* Release */ = {
			isa = XCBuildConfiguration;
			buildSettings = {
				ASSETCATALOG_COMPILER_APPICON_NAME = AppIcon;
				CODE_SIGN_STYLE = Automatic;
				DEVELOPMENT_TEAM = 8S3KGLSKWY;
				INFOPLIST_FILE = Runtime/Info.plist;
				LD_RUNPATH_SEARCH_PATHS = (
					"$(inherited)",
					"@executable_path/Frameworks",
				);
				PRODUCT_BUNDLE_IDENTIFIER = com.gg.Runtime;
				PRODUCT_NAME = "$(TARGET_NAME)";
				TARGETED_DEVICE_FAMILY = "1,2";
			};
			name = Release;
		};
/* End XCBuildConfiguration section */

/* Begin XCConfigurationList section */
		3C79600520A2916700E282FC /* Build configuration list for PBXProject "Runtime" */ = {
			isa = XCConfigurationList;
			buildConfigurations = (
				3C79601E20A2916800E282FC /* Debug */,
				3C79601F20A2916800E282FC /* Release */,
			);
			defaultConfigurationIsVisible = 0;
			defaultConfigurationName = Release;
		};
		3C79602020A2916800E282FC /* Build configuration list for PBXNativeTarget "Runtime" */ = {
			isa = XCConfigurationList;
			buildConfigurations = (
				3C79602120A2916800E282FC /* Debug */,
				3C79602220A2916800E282FC /* Release */,
			);
			defaultConfigurationIsVisible = 0;
			defaultConfigurationName = Release;
		};
/* End XCConfigurationList section */
	};
	rootObject = 3C79600220A2916700E282FC /* Project object */;
}
